// !$*UTF8*$!
{
	archiveVersion = 1;
	classes = {
	};
	objectVersion = 50;
	objects = {

/* Begin PBXBuildFile section */
		57197DCB268CDE2600162B16 /* AppDelegate.swift in Sources */ = {isa = PBXBuildFile; fileRef = 57197DCA268CDE2600162B16 /* AppDelegate.swift */; };
		57197DCD268CDE2600162B16 /* SceneDelegate.swift in Sources */ = {isa = PBXBuildFile; fileRef = 57197DCC268CDE2600162B16 /* SceneDelegate.swift */; };
		57197DCF268CDE2600162B16 /* ViewController.swift in Sources */ = {isa = PBXBuildFile; fileRef = 57197DCE268CDE2600162B16 /* ViewController.swift */; };
		57197DD4268CDE2800162B16 /* Assets.xcassets in Resources */ = {isa = PBXBuildFile; fileRef = 57197DD3268CDE2800162B16 /* Assets.xcassets */; };
		57197DD7268CDE2800162B16 /* LaunchScreen.storyboard in Resources */ = {isa = PBXBuildFile; fileRef = 57197DD5268CDE2800162B16 /* LaunchScreen.storyboard */; };
		571C5938268CE07000514D72 /* NetworkManager.swift in Sources */ = {isa = PBXBuildFile; fileRef = 571C5937268CE07000514D72 /* NetworkManager.swift */; };
		571C593B268CE2E700514D72 /* NetworkError.swift in Sources */ = {isa = PBXBuildFile; fileRef = 571C593A268CE2E700514D72 /* NetworkError.swift */; };
		571C593E268CF04D00514D72 /* Movie.swift in Sources */ = {isa = PBXBuildFile; fileRef = 571C593D268CF04D00514D72 /* Movie.swift */; };
		571C594B268DFA8800514D72 /* UIView+Extensions.swift in Sources */ = {isa = PBXBuildFile; fileRef = 571C594A268DFA8800514D72 /* UIView+Extensions.swift */; };
		571C594F268DFCE000514D72 /* MovieTableViewCell.swift in Sources */ = {isa = PBXBuildFile; fileRef = 571C594E268DFCE000514D72 /* MovieTableViewCell.swift */; };
		571C5952268DFEB400514D72 /* UILabel+Extensions.swift in Sources */ = {isa = PBXBuildFile; fileRef = 571C5951268DFEB400514D72 /* UILabel+Extensions.swift */; };
		571C5955268E0BB000514D72 /* ImageCache.swift in Sources */ = {isa = PBXBuildFile; fileRef = 571C5954268E0BB000514D72 /* ImageCache.swift */; };
/* End PBXBuildFile section */

/* Begin PBXFileReference section */
		57197DC7268CDE2600162B16 /* MVCApp.app */ = {isa = PBXFileReference; explicitFileType = wrapper.application; includeInIndex = 0; path = MVCApp.app; sourceTree = BUILT_PRODUCTS_DIR; };
		57197DCA268CDE2600162B16 /* AppDelegate.swift */ = {isa = PBXFileReference; lastKnownFileType = sourcecode.swift; path = AppDelegate.swift; sourceTree = "<group>"; };
		57197DCC268CDE2600162B16 /* SceneDelegate.swift */ = {isa = PBXFileReference; lastKnownFileType = sourcecode.swift; path = SceneDelegate.swift; sourceTree = "<group>"; };
		57197DCE268CDE2600162B16 /* ViewController.swift */ = {isa = PBXFileReference; lastKnownFileType = sourcecode.swift; path = ViewController.swift; sourceTree = "<group>"; };
		57197DD3268CDE2800162B16 /* Assets.xcassets */ = {isa = PBXFileReference; lastKnownFileType = folder.assetcatalog; path = Assets.xcassets; sourceTree = "<group>"; };
		57197DD6268CDE2800162B16 /* Base */ = {isa = PBXFileReference; lastKnownFileType = file.storyboard; name = Base; path = Base.lproj/LaunchScreen.storyboard; sourceTree = "<group>"; };
		57197DD8268CDE2800162B16 /* Info.plist */ = {isa = PBXFileReference; lastKnownFileType = text.plist.xml; path = Info.plist; sourceTree = "<group>"; };
		571C5937268CE07000514D72 /* NetworkManager.swift */ = {isa = PBXFileReference; lastKnownFileType = sourcecode.swift; path = NetworkManager.swift; sourceTree = "<group>"; };
		571C593A268CE2E700514D72 /* NetworkError.swift */ = {isa = PBXFileReference; lastKnownFileType = sourcecode.swift; path = NetworkError.swift; sourceTree = "<group>"; };
		571C593D268CF04D00514D72 /* Movie.swift */ = {isa = PBXFileReference; lastKnownFileType = sourcecode.swift; path = Movie.swift; sourceTree = "<group>"; };
		571C594A268DFA8800514D72 /* UIView+Extensions.swift */ = {isa = PBXFileReference; lastKnownFileType = sourcecode.swift; path = "UIView+Extensions.swift"; sourceTree = "<group>"; };
		571C594E268DFCE000514D72 /* MovieTableViewCell.swift */ = {isa = PBXFileReference; lastKnownFileType = sourcecode.swift; path = MovieTableViewCell.swift; sourceTree = "<group>"; };
		571C5951268DFEB400514D72 /* UILabel+Extensions.swift */ = {isa = PBXFileReference; lastKnownFileType = sourcecode.swift; path = "UILabel+Extensions.swift"; sourceTree = "<group>"; };
		571C5954268E0BB000514D72 /* ImageCache.swift */ = {isa = PBXFileReference; lastKnownFileType = sourcecode.swift; path = ImageCache.swift; sourceTree = "<group>"; };
/* End PBXFileReference section */

/* Begin PBXFrameworksBuildPhase section */
		57197DC4268CDE2600162B16 /* Frameworks */ = {
			isa = PBXFrameworksBuildPhase;
			buildActionMask = 2147483647;
			files = (
			);
			runOnlyForDeploymentPostprocessing = 0;
		};
/* End PBXFrameworksBuildPhase section */

/* Begin PBXGroup section */
		57197DBE268CDE2600162B16 = {
			isa = PBXGroup;
			children = (
				57197DC9268CDE2600162B16 /* MVCApp */,
				57197DC8268CDE2600162B16 /* Products */,
			);
			sourceTree = "<group>";
		};
		57197DC8268CDE2600162B16 /* Products */ = {
			isa = PBXGroup;
			children = (
				57197DC7268CDE2600162B16 /* MVCApp.app */,
			);
			name = Products;
			sourceTree = "<group>";
		};
		57197DC9268CDE2600162B16 /* MVCApp */ = {
			isa = PBXGroup;
			children = (
				571C5949268DFA7300514D72 /* Utility */,
				571C5936268CE05B00514D72 /* Networking */,
				57197DE3268CDEAC00162B16 /* Resources */,
				57197DE1268CDE6900162B16 /* Controller */,
				57197DE0268CDE6400162B16 /* View */,
				57197DDF268CDE5D00162B16 /* Model */,
				57197DD3268CDE2800162B16 /* Assets.xcassets */,
				57197DD5268CDE2800162B16 /* LaunchScreen.storyboard */,
				57197DD8268CDE2800162B16 /* Info.plist */,
			);
			path = MVCApp;
			sourceTree = "<group>";
		};
		57197DDF268CDE5D00162B16 /* Model */ = {
			isa = PBXGroup;
			children = (
				571C593D268CF04D00514D72 /* Movie.swift */,
			);
			path = Model;
			sourceTree = "<group>";
		};
		57197DE0268CDE6400162B16 /* View */ = {
			isa = PBXGroup;
			children = (
				571C594E268DFCE000514D72 /* MovieTableViewCell.swift */,
			);
			path = View;
			sourceTree = "<group>";
		};
		57197DE1268CDE6900162B16 /* Controller */ = {
			isa = PBXGroup;
			children = (
				57197DCE268CDE2600162B16 /* ViewController.swift */,
			);
			path = Controller;
			sourceTree = "<group>";
		};
		57197DE3268CDEAC00162B16 /* Resources */ = {
			isa = PBXGroup;
			children = (
				57197DCA268CDE2600162B16 /* AppDelegate.swift */,
				57197DCC268CDE2600162B16 /* SceneDelegate.swift */,
			);
			path = Resources;
			sourceTree = "<group>";
		};
		571C5936268CE05B00514D72 /* Networking */ = {
			isa = PBXGroup;
			children = (
				571C5937268CE07000514D72 /* NetworkManager.swift */,
				571C593A268CE2E700514D72 /* NetworkError.swift */,
				571C5954268E0BB000514D72 /* ImageCache.swift */,
			);
			path = Networking;
			sourceTree = "<group>";
		};
		571C5949268DFA7300514D72 /* Utility */ = {
			isa = PBXGroup;
			children = (
				571C594A268DFA8800514D72 /* UIView+Extensions.swift */,
				571C5951268DFEB400514D72 /* UILabel+Extensions.swift */,
			);
			path = Utility;
			sourceTree = "<group>";
		};
/* End PBXGroup section */

/* Begin PBXNativeTarget section */
		57197DC6268CDE2600162B16 /* MVCApp */ = {
			isa = PBXNativeTarget;
			buildConfigurationList = 57197DDB268CDE2800162B16 /* Build configuration list for PBXNativeTarget "MVCApp" */;
			buildPhases = (
				57197DC3268CDE2600162B16 /* Sources */,
				57197DC4268CDE2600162B16 /* Frameworks */,
				57197DC5268CDE2600162B16 /* Resources */,
			);
			buildRules = (
			);
			dependencies = (
			);
			name = MVCApp;
			productName = MVCApp;
			productReference = 57197DC7268CDE2600162B16 /* MVCApp.app */;
			productType = "com.apple.product-type.application";
		};
/* End PBXNativeTarget section */

/* Begin PBXProject section */
		57197DBF268CDE2600162B16 /* Project object */ = {
			isa = PBXProject;
			attributes = {
				LastSwiftUpdateCheck = 1240;
				LastUpgradeCheck = 1240;
				TargetAttributes = {
					57197DC6268CDE2600162B16 = {
						CreatedOnToolsVersion = 12.4;
					};
				};
			};
			buildConfigurationList = 57197DC2268CDE2600162B16 /* Build configuration list for PBXProject "MVCApp" */;
			compatibilityVersion = "Xcode 9.3";
			developmentRegion = en;
			hasScannedForEncodings = 0;
			knownRegions = (
				en,
				Base,
			);
			mainGroup = 57197DBE268CDE2600162B16;
			productRefGroup = 57197DC8268CDE2600162B16 /* Products */;
			projectDirPath = "";
			projectRoot = "";
			targets = (
				57197DC6268CDE2600162B16 /* MVCApp */,
			);
		};
/* End PBXProject section */

/* Begin PBXResourcesBuildPhase section */
		57197DC5268CDE2600162B16 /* Resources */ = {
			isa = PBXResourcesBuildPhase;
			buildActionMask = 2147483647;
			files = (
				57197DD7268CDE2800162B16 /* LaunchScreen.storyboard in Resources */,
				57197DD4268CDE2800162B16 /* Assets.xcassets in Resources */,
			);
			runOnlyForDeploymentPostprocessing = 0;
		};
/* End PBXResourcesBuildPhase section */

/* Begin PBXSourcesBuildPhase section */
		57197DC3268CDE2600162B16 /* Sources */ = {
			isa = PBXSourcesBuildPhase;
			buildActionMask = 2147483647;
			files = (
				571C5955268E0BB000514D72 /* ImageCache.swift in Sources */,
				571C594B268DFA8800514D72 /* UIView+Extensions.swift in Sources */,
				571C5938268CE07000514D72 /* NetworkManager.swift in Sources */,
				57197DCF268CDE2600162B16 /* ViewController.swift in Sources */,
				571C5952268DFEB400514D72 /* UILabel+Extensions.swift in Sources */,
				571C593E268CF04D00514D72 /* Movie.swift in Sources */,
				57197DCB268CDE2600162B16 /* AppDelegate.swift in Sources */,
				57197DCD268CDE2600162B16 /* SceneDelegate.swift in Sources */,
				571C594F268DFCE000514D72 /* MovieTableViewCell.swift in Sources */,
				571C593B268CE2E700514D72 /* NetworkError.swift in Sources */,
			);
			runOnlyForDeploymentPostprocessing = 0;
		};
/* End PBXSourcesBuildPhase section */

/* Begin PBXVariantGroup section */
		57197DD5268CDE2800162B16 /* LaunchScreen.storyboard */ = {
			isa = PBXVariantGroup;
			children = (
				57197DD6268CDE2800162B16 /* Base */,
			);
			name = LaunchScreen.storyboard;
			sourceTree = "<group>";
		};
/* End PBXVariantGroup section */

/* Begin XCBuildConfiguration section */
		57197DD9268CDE2800162B16 /* Debug */ = {
			isa = XCBuildConfiguration;
			buildSettings = {
				ALWAYS_SEARCH_USER_PATHS = NO;
				CLANG_ANALYZER_NONNULL = YES;
				CLANG_ANALYZER_NUMBER_OBJECT_CONVERSION = YES_AGGRESSIVE;
				CLANG_CXX_LANGUAGE_STANDARD = "gnu++14";
				CLANG_CXX_LIBRARY = "libc++";
				CLANG_ENABLE_MODULES = YES;
				CLANG_ENABLE_OBJC_ARC = YES;
				CLANG_ENABLE_OBJC_WEAK = YES;
				CLANG_WARN_BLOCK_CAPTURE_AUTORELEASING = YES;
				CLANG_WARN_BOOL_CONVERSION = YES;
				CLANG_WARN_COMMA = YES;
				CLANG_WARN_CONSTANT_CONVERSION = YES;
				CLANG_WARN_DEPRECATED_OBJC_IMPLEMENTATIONS = YES;
				CLANG_WARN_DIRECT_OBJC_ISA_USAGE = YES_ERROR;
				CLANG_WARN_DOCUMENTATION_COMMENTS = YES;
				CLANG_WARN_EMPTY_BODY = YES;
				CLANG_WARN_ENUM_CONVERSION = YES;
				CLANG_WARN_INFINITE_RECURSION = YES;
				CLANG_WARN_INT_CONVERSION = YES;
				CLANG_WARN_NON_LITERAL_NULL_CONVERSION = YES;
				CLANG_WARN_OBJC_IMPLICIT_RETAIN_SELF = YES;
				CLANG_WARN_OBJC_LITERAL_CONVERSION = YES;
				CLANG_WARN_OBJC_ROOT_CLASS = YES_ERROR;
				CLANG_WARN_QUOTED_INCLUDE_IN_FRAMEWORK_HEADER = YES;
				CLANG_WARN_RANGE_LOOP_ANALYSIS = YES;
				CLANG_WARN_STRICT_PROTOTYPES = YES;
				CLANG_WARN_SUSPICIOUS_MOVE = YES;
				CLANG_WARN_UNGUARDED_AVAILABILITY = YES_AGGRESSIVE;
				CLANG_WARN_UNREACHABLE_CODE = YES;
				CLANG_WARN__DUPLICATE_METHOD_MATCH = YES;
				COPY_PHASE_STRIP = NO;
				DEBUG_INFORMATION_FORMAT = dwarf;
				ENABLE_STRICT_OBJC_MSGSEND = YES;
				ENABLE_TESTABILITY = YES;
				GCC_C_LANGUAGE_STANDARD = gnu11;
				GCC_DYNAMIC_NO_PIC = NO;
				GCC_NO_COMMON_BLOCKS = YES;
				GCC_OPTIMIZATION_LEVEL = 0;
				GCC_PREPROCESSOR_DEFINITIONS = (
					"DEBUG=1",
					"$(inherited)",
				);
				GCC_WARN_64_TO_32_BIT_CONVERSION = YES;
				GCC_WARN_ABOUT_RETURN_TYPE = YES_ERROR;
				GCC_WARN_UNDECLARED_SELECTOR = YES;
				GCC_WARN_UNINITIALIZED_AUTOS = YES_AGGRESSIVE;
				GCC_WARN_UNUSED_FUNCTION = YES;
				GCC_WARN_UNUSED_VARIABLE = YES;
				IPHONEOS_DEPLOYMENT_TARGET = 14.4;
				MTL_ENABLE_DEBUG_INFO = INCLUDE_SOURCE;
				MTL_FAST_MATH = YES;
				ONLY_ACTIVE_ARCH = YES;
				SDKROOT = iphoneos;
				SWIFT_ACTIVE_COMPILATION_CONDITIONS = DEBUG;
				SWIFT_OPTIMIZATION_LEVEL = "-Onone";
			};
			name = Debug;
		};
		57197DDA268CDE2800162B16 /* Release */ = {
			isa = XCBuildConfiguration;
			buildSettings = {
				ALWAYS_SEARCH_USER_PATHS = NO;
				CLANG_ANALYZER_NONNULL = YES;
				CLANG_ANALYZER_NUMBER_OBJECT_CONVERSION = YES_AGGRESSIVE;
				CLANG_CXX_LANGUAGE_STANDARD = "gnu++14";
				CLANG_CXX_LIBRARY = "libc++";
				CLANG_ENABLE_MODULES = YES;
				CLANG_ENABLE_OBJC_ARC = YES;
				CLANG_ENABLE_OBJC_WEAK = YES;
				CLANG_WARN_BLOCK_CAPTURE_AUTORELEASING = YES;
				CLANG_WARN_BOOL_CONVERSION = YES;
				CLANG_WARN_COMMA = YES;
				CLANG_WARN_CONSTANT_CONVERSION = YES;
				CLANG_WARN_DEPRECATED_OBJC_IMPLEMENTATIONS = YES;
				CLANG_WARN_DIRECT_OBJC_ISA_USAGE = YES_ERROR;
				CLANG_WARN_DOCUMENTATION_COMMENTS = YES;
				CLANG_WARN_EMPTY_BODY = YES;
				CLANG_WARN_ENUM_CONVERSION = YES;
				CLANG_WARN_INFINITE_RECURSION = YES;
				CLANG_WARN_INT_CONVERSION = YES;
				CLANG_WARN_NON_LITERAL_NULL_CONVERSION = YES;
				CLANG_WARN_OBJC_IMPLICIT_RETAIN_SELF = YES;
				CLANG_WARN_OBJC_LITERAL_CONVERSION = YES;
				CLANG_WARN_OBJC_ROOT_CLASS = YES_ERROR;
				CLANG_WARN_QUOTED_INCLUDE_IN_FRAMEWORK_HEADER = YES;
				CLANG_WARN_RANGE_LOOP_ANALYSIS = YES;
				CLANG_WARN_STRICT_PROTOTYPES = YES;
				CLANG_WARN_SUSPICIOUS_MOVE = YES;
				CLANG_WARN_UNGUARDED_AVAILABILITY = YES_AGGRESSIVE;
				CLANG_WARN_UNREACHABLE_CODE = YES;
				CLANG_WARN__DUPLICATE_METHOD_MATCH = YES;
				COPY_PHASE_STRIP = NO;
				DEBUG_INFORMATION_FORMAT = "dwarf-with-dsym";
				ENABLE_NS_ASSERTIONS = NO;
				ENABLE_STRICT_OBJC_MSGSEND = YES;
				GCC_C_LANGUAGE_STANDARD = gnu11;
				GCC_NO_COMMON_BLOCKS = YES;
				GCC_WARN_64_TO_32_BIT_CONVERSION = YES;
				GCC_WARN_ABOUT_RETURN_TYPE = YES_ERROR;
				GCC_WARN_UNDECLARED_SELECTOR = YES;
				GCC_WARN_UNINITIALIZED_AUTOS = YES_AGGRESSIVE;
				GCC_WARN_UNUSED_FUNCTION = YES;
				GCC_WARN_UNUSED_VARIABLE = YES;
				IPHONEOS_DEPLOYMENT_TARGET = 14.4;
				MTL_ENABLE_DEBUG_INFO = NO;
				MTL_FAST_MATH = YES;
				SDKROOT = iphoneos;
				SWIFT_COMPILATION_MODE = wholemodule;
				SWIFT_OPTIMIZATION_LEVEL = "-O";
				VALIDATE_PRODUCT = YES;
			};
			name = Release;
		};
		57197DDC268CDE2800162B16 /* Debug */ = {
			isa = XCBuildConfiguration;
			buildSettings = {
				ASSETCATALOG_COMPILER_APPICON_NAME = AppIcon;
				ASSETCATALOG_COMPILER_GLOBAL_ACCENT_COLOR_NAME = AccentColor;
				CODE_SIGN_STYLE = Automatic;
				INFOPLIST_FILE = MVCApp/Info.plist;
				LD_RUNPATH_SEARCH_PATHS = (
					"$(inherited)",
					"@executable_path/Frameworks",
				);
				PRODUCT_BUNDLE_IDENTIFIER = iAskedYou2nd.MVCApp;
				PRODUCT_NAME = "$(TARGET_NAME)";
				SWIFT_VERSION = 5.0;
				TARGETED_DEVICE_FAMILY = "1,2";
			};
			name = Debug;
		};
		57197DDD268CDE2800162B16 /* Release */ = {
			isa = XCBuildConfiguration;
			buildSettings = {
				ASSETCATALOG_COMPILER_APPICON_NAME = AppIcon;
				ASSETCATALOG_COMPILER_GLOBAL_ACCENT_COLOR_NAME = AccentColor;
				CODE_SIGN_STYLE = Automatic;
				INFOPLIST_FILE = MVCApp/Info.plist;
				LD_RUNPATH_SEARCH_PATHS = (
					"$(inherited)",
					"@executable_path/Frameworks",
				);
				PRODUCT_BUNDLE_IDENTIFIER = iAskedYou2nd.MVCApp;
				PRODUCT_NAME = "$(TARGET_NAME)";
				SWIFT_VERSION = 5.0;
				TARGETED_DEVICE_FAMILY = "1,2";
			};
			name = Release;
		};
/* End XCBuildConfiguration section */

/* Begin XCConfigurationList section */
		57197DC2268CDE2600162B16 /* Build configuration list for PBXProject "MVCApp" */ = {
			isa = XCConfigurationList;
			buildConfigurations = (
				57197DD9268CDE2800162B16 /* Debug */,
				57197DDA268CDE2800162B16 /* Release */,
			);
			defaultConfigurationIsVisible = 0;
			defaultConfigurationName = Release;
		};
		57197DDB268CDE2800162B16 /* Build configuration list for PBXNativeTarget "MVCApp" */ = {
			isa = XCConfigurationList;
			buildConfigurations = (
				57197DDC268CDE2800162B16 /* Debug */,
				57197DDD268CDE2800162B16 /* Release */,
			);
			defaultConfigurationIsVisible = 0;
			defaultConfigurationName = Release;
		};
/* End XCConfigurationList section */
	};
	rootObject = 57197DBF268CDE2600162B16 /* Project object */;
}
